# This file is automatically @generated by Poetry 1.4.2 and should not be changed by hand.

[[package]]
name = "shortuuid"
version = "1.0.11"
description = "A generator library for concise, unambiguous and URL-safe UUIDs."
category = "main"
optional = false
python-versions = ">=3.5"
files = [
    {file = "shortuuid-1.0.11-py3-none-any.whl", hash = "sha256:27ea8f28b1bd0bf8f15057a3ece57275d2059d2b0bb02854f02189962c13b6aa"},
    {file = "shortuuid-1.0.11.tar.gz", hash = "sha256:fc75f2615914815a8e4cb1501b3a513745cb66ef0fd5fc6fb9f8c3fa3481f789"},
]

[metadata]
lock-version = "2.0"
python-versions = "^3.10"
content-hash = "3ce8c848866ba17857cc0b849d8e028f7dda77a9a9537ad85074a080c877af0e"
